
Microsoft Visual Studio Solution File, Format Version 12.00
# Visual Studio Version 16
VisualStudioVersion = 16.0.29326.143
MinimumVisualStudioVersion = 10.0.40219.1
Project("{E53339B2-1760-4266-BCC7-CA923CBCF16C}") = "docker-compose", "docker-compose.dcproj", "{7E738AE5-E43C-4432-B96E-D2D7668DEC63}"
EndProject
Project("{FAE04EC0-301F-11D3-BF4B-00C04F79EFBC}") = "CustomerReviewsModule.Web", "CustomerReviewsModule\CustomerReviewsModule.Web\CustomerReviewsModule.Web.csproj", "{4B87294C-B5BD-4D6F-9546-17480BEC1969}"
EndProject
Project("{FAE04EC0-301F-11D3-BF4B-00C04F79EFBC}") = "CustomerReviewsModule.Core", "CustomerReviewsModule\CustomerReviewsModule.Core\CustomerReviewsModule.Core.csproj", "{F3E395EF-B26F-48A4-B9C9-98E686ABD699}"
EndProject
Project("{FAE04EC0-301F-11D3-BF4B-00C04F79EFBC}") = "CustomerReviewsModule.Data", "CustomerReviewsModule\CustomerReviewsModule.Data\CustomerReviewsModule.Data.csproj", "{B39C02DC-0F0C-4FEA-9800-120930E0E2CE}"
EndProject
Project("{FAE04EC0-301F-11D3-BF4B-00C04F79EFBC}") = "CustomerReviewsModule.Tests", "CustomerReviewsModule\CustomerReviewsModule.Tests\CustomerReviewsModule.Tests.csproj", "{57466DDC-979E-4567-BA1B-E2D5682828DE}"
EndProject
Global
	GlobalSection(SolutionConfigurationPlatforms) = preSolution
		Debug|Any CPU = Debug|Any CPU
		Release|Any CPU = Release|Any CPU
	EndGlobalSection
	GlobalSection(ProjectConfigurationPlatforms) = postSolution
		{4B87294C-B5BD-4D6F-9546-17480BEC1969}.Debug|Any CPU.ActiveCfg = Debug|Any CPU
		{4B87294C-B5BD-4D6F-9546-17480BEC1969}.Debug|Any CPU.Build.0 = Debug|Any CPU
		{4B87294C-B5BD-4D6F-9546-17480BEC1969}.Release|Any CPU.ActiveCfg = Release|Any CPU
		{4B87294C-B5BD-4D6F-9546-17480BEC1969}.Release|Any CPU.Build.0 = Release|Any CPU
		{F3E395EF-B26F-48A4-B9C9-98E686ABD699}.Debug|Any CPU.ActiveCfg = Debug|Any CPU
		{F3E395EF-B26F-48A4-B9C9-98E686ABD699}.Debug|Any CPU.Build.0 = Debug|Any CPU
		{F3E395EF-B26F-48A4-B9C9-98E686ABD699}.Release|Any CPU.ActiveCfg = Release|Any CPU
		{F3E395EF-B26F-48A4-B9C9-98E686ABD699}.Release|Any CPU.Build.0 = Release|Any CPU
		{B39C02DC-0F0C-4FEA-9800-120930E0E2CE}.Debug|Any CPU.ActiveCfg = Debug|Any CPU
		{B39C02DC-0F0C-4FEA-9800-120930E0E2CE}.Debug|Any CPU.Build.0 = Debug|Any CPU
		{B39C02DC-0F0C-4FEA-9800-120930E0E2CE}.Release|Any CPU.ActiveCfg = Release|Any CPU
		{B39C02DC-0F0C-4FEA-9800-120930E0E2CE}.Release|Any CPU.Build.0 = Release|Any CPU
		{57466DDC-979E-4567-BA1B-E2D5682828DE}.Debug|Any CPU.ActiveCfg = Debug|Any CPU
		{57466DDC-979E-4567-BA1B-E2D5682828DE}.Debug|Any CPU.Build.0 = Debug|Any CPU
		{57466DDC-979E-4567-BA1B-E2D5682828DE}.Release|Any CPU.ActiveCfg = Release|Any CPU
		{57466DDC-979E-4567-BA1B-E2D5682828DE}.Release|Any CPU.Build.0 = Release|Any CPU
		{7E738AE5-E43C-4432-B96E-D2D7668DEC63}.Debug|Any CPU.ActiveCfg = Debug|Any CPU
		{7E738AE5-E43C-4432-B96E-D2D7668DEC63}.Debug|Any CPU.Build.0 = Debug|Any CPU
		{7E738AE5-E43C-4432-B96E-D2D7668DEC63}.Release|Any CPU.ActiveCfg = Release|Any CPU
		{7E738AE5-E43C-4432-B96E-D2D7668DEC63}.Release|Any CPU.Build.0 = Release|Any CPU
	EndGlobalSection
	GlobalSection(SolutionProperties) = preSolution
		HideSolutionNode = FALSE
	EndGlobalSection
	GlobalSection(ExtensibilityGlobals) = postSolution
		SolutionGuid = {B3DAF99F-41E3-4597-B4E3-E61405DE3214}
	EndGlobalSection
EndGlobal
